// !$*UTF8*$!
{
	archiveVersion = 1;
	classes = {
	};
	objectVersion = 50;
	objects = {

/* Begin PBXBuildFile section */
		3369CDF5ED21CF2C9B400EF3 /* Pods_GoogleMapsTask.framework in Frameworks */ = {isa = PBXBuildFile; fileRef = B554ED21094AF5B802FE5EED /* Pods_GoogleMapsTask.framework */; };
		BCA14C90225CE48F00338FEA /* AppDelegate.swift in Sources */ = {isa = PBXBuildFile; fileRef = BCA14C8F225CE48F00338FEA /* AppDelegate.swift */; };
		BCA14C92225CE48F00338FEA /* ViewController.swift in Sources */ = {isa = PBXBuildFile; fileRef = BCA14C91225CE48F00338FEA /* ViewController.swift */; };
		BCA14C97225CE49000338FEA /* Assets.xcassets in Resources */ = {isa = PBXBuildFile; fileRef = BCA14C96225CE49000338FEA /* Assets.xcassets */; };
		BCA14C9A225CE49000338FEA /* LaunchScreen.storyboard in Resources */ = {isa = PBXBuildFile; fileRef = BCA14C98225CE49000338FEA /* LaunchScreen.storyboard */; };
/* End PBXBuildFile section */

/* Begin PBXFileReference section */
		4C8C3F87B6F99177F5C5FCC5 /* Pods-GoogleMapsTask.release.xcconfig */ = {isa = PBXFileReference; includeInIndex = 1; lastKnownFileType = text.xcconfig; name = "Pods-GoogleMapsTask.release.xcconfig"; path = "Pods/Target Support Files/Pods-GoogleMapsTask/Pods-GoogleMapsTask.release.xcconfig"; sourceTree = "<group>"; };
		9161A92D769EA97915A05639 /* Pods-GoogleMapsTask.debug.xcconfig */ = {isa = PBXFileReference; includeInIndex = 1; lastKnownFileType = text.xcconfig; name = "Pods-GoogleMapsTask.debug.xcconfig"; path = "Pods/Target Support Files/Pods-GoogleMapsTask/Pods-GoogleMapsTask.debug.xcconfig"; sourceTree = "<group>"; };
		B554ED21094AF5B802FE5EED /* Pods_GoogleMapsTask.framework */ = {isa = PBXFileReference; explicitFileType = wrapper.framework; includeInIndex = 0; path = Pods_GoogleMapsTask.framework; sourceTree = BUILT_PRODUCTS_DIR; };
		BCA14C8C225CE48F00338FEA /* GoogleMapsTask.app */ = {isa = PBXFileReference; explicitFileType = wrapper.application; includeInIndex = 0; path = GoogleMapsTask.app; sourceTree = BUILT_PRODUCTS_DIR; };
		BCA14C8F225CE48F00338FEA /* AppDelegate.swift */ = {isa = PBXFileReference; lastKnownFileType = sourcecode.swift; path = AppDelegate.swift; sourceTree = "<group>"; };
		BCA14C91225CE48F00338FEA /* ViewController.swift */ = {isa = PBXFileReference; lastKnownFileType = sourcecode.swift; path = ViewController.swift; sourceTree = "<group>"; };
		BCA14C96225CE49000338FEA /* Assets.xcassets */ = {isa = PBXFileReference; lastKnownFileType = folder.assetcatalog; path = Assets.xcassets; sourceTree = "<group>"; };
		BCA14C99225CE49000338FEA /* Base */ = {isa = PBXFileReference; lastKnownFileType = file.storyboard; name = Base; path = Base.lproj/LaunchScreen.storyboard; sourceTree = "<group>"; };
		BCA14C9B225CE49000338FEA /* Info.plist */ = {isa = PBXFileReference; lastKnownFileType = text.plist.xml; path = Info.plist; sourceTree = "<group>"; };
/* End PBXFileReference section */

/* Begin PBXFrameworksBuildPhase section */
		BCA14C89225CE48F00338FEA /* Frameworks */ = {
			isa = PBXFrameworksBuildPhase;
			buildActionMask = 2147483647;
			files = (
				3369CDF5ED21CF2C9B400EF3 /* Pods_GoogleMapsTask.framework in Frameworks */,
			);
			runOnlyForDeploymentPostprocessing = 0;
		};
/* End PBXFrameworksBuildPhase section */

/* Begin PBXGroup section */
		71537A629D78D6DE3E72001B /* Frameworks */ = {
			isa = PBXGroup;
			children = (
				B554ED21094AF5B802FE5EED /* Pods_GoogleMapsTask.framework */,
			);
			name = Frameworks;
			sourceTree = "<group>";
		};
		A3F797E7FCB9FED5F049EAAA /* Pods */ = {
			isa = PBXGroup;
			children = (
				9161A92D769EA97915A05639 /* Pods-GoogleMapsTask.debug.xcconfig */,
				4C8C3F87B6F99177F5C5FCC5 /* Pods-GoogleMapsTask.release.xcconfig */,
			);
			name = Pods;
			sourceTree = "<group>";
		};
		BCA14C83225CE48F00338FEA = {
			isa = PBXGroup;
			children = (
				BCA14C8E225CE48F00338FEA /* GoogleMapsTask */,
				BCA14C8D225CE48F00338FEA /* Products */,
				A3F797E7FCB9FED5F049EAAA /* Pods */,
				71537A629D78D6DE3E72001B /* Frameworks */,
			);
			sourceTree = "<group>";
		};
		BCA14C8D225CE48F00338FEA /* Products */ = {
			isa = PBXGroup;
			children = (
				BCA14C8C225CE48F00338FEA /* GoogleMapsTask.app */,
			);
			name = Products;
			sourceTree = "<group>";
		};
		BCA14C8E225CE48F00338FEA /* GoogleMapsTask */ = {
			isa = PBXGroup;
			children = (
				BCA14C8F225CE48F00338FEA /* AppDelegate.swift */,
				BCA14C91225CE48F00338FEA /* ViewController.swift */,
				BCA14C96225CE49000338FEA /* Assets.xcassets */,
				BCA14C98225CE49000338FEA /* LaunchScreen.storyboard */,
				BCA14C9B225CE49000338FEA /* Info.plist */,
			);
			path = GoogleMapsTask;
			sourceTree = "<group>";
		};
/* End PBXGroup section */

/* Begin PBXNativeTarget section */
		BCA14C8B225CE48F00338FEA /* GoogleMapsTask */ = {
			isa = PBXNativeTarget;
			buildConfigurationList = BCA14C9E225CE49000338FEA /* Build configuration list for PBXNativeTarget "GoogleMapsTask" */;
			buildPhases = (
				87781F2BEE9F8449B667A10D /* [CP] Check Pods Manifest.lock */,
				BCA14C88225CE48F00338FEA /* Sources */,
				BCA14C89225CE48F00338FEA /* Frameworks */,
				BCA14C8A225CE48F00338FEA /* Resources */,
				60B47FCEFB577B1AB77CAAD2 /* [CP] Copy Pods Resources */,
			);
			buildRules = (
			);
			dependencies = (
			);
			name = GoogleMapsTask;
			productName = GoogleMapsTask;
			productReference = BCA14C8C225CE48F00338FEA /* GoogleMapsTask.app */;
			productType = "com.apple.product-type.application";
		};
/* End PBXNativeTarget section */

/* Begin PBXProject section */
		BCA14C84225CE48F00338FEA /* Project object */ = {
			isa = PBXProject;
			attributes = {
				LastSwiftUpdateCheck = 1020;
				LastUpgradeCheck = 1020;
				ORGANIZATIONNAME = "Yulia Chashchina";
				TargetAttributes = {
					BCA14C8B225CE48F00338FEA = {
						CreatedOnToolsVersion = 10.2;
					};
				};
			};
			buildConfigurationList = BCA14C87225CE48F00338FEA /* Build configuration list for PBXProject "GoogleMapsTask" */;
			compatibilityVersion = "Xcode 9.3";
			developmentRegion = en;
			hasScannedForEncodings = 0;
			knownRegions = (
				en,
				Base,
			);
			mainGroup = BCA14C83225CE48F00338FEA;
			productRefGroup = BCA14C8D225CE48F00338FEA /* Products */;
			projectDirPath = "";
			projectRoot = "";
			targets = (
				BCA14C8B225CE48F00338FEA /* GoogleMapsTask */,
			);
		};
/* End PBXProject section */

/* Begin PBXResourcesBuildPhase section */
		BCA14C8A225CE48F00338FEA /* Resources */ = {
			isa = PBXResourcesBuildPhase;
			buildActionMask = 2147483647;
			files = (
				BCA14C9A225CE49000338FEA /* LaunchScreen.storyboard in Resources */,
				BCA14C97225CE49000338FEA /* Assets.xcassets in Resources */,
			);
			runOnlyForDeploymentPostprocessing = 0;
		};
/* End PBXResourcesBuildPhase section */

/* Begin PBXShellScriptBuildPhase section */
		60B47FCEFB577B1AB77CAAD2 /* [CP] Copy Pods Resources */ = {
			isa = PBXShellScriptBuildPhase;
			buildActionMask = 2147483647;
			files = (
			);
			inputPaths = (
				"${SRCROOT}/Pods/Target Support Files/Pods-GoogleMapsTask/Pods-GoogleMapsTask-resources.sh",
				"${PODS_ROOT}/GoogleMaps/Maps/Frameworks/GoogleMaps.framework/Resources/GoogleMaps.bundle",
				"${PODS_ROOT}/GooglePlaces/Frameworks/GooglePlaces.framework/Resources/GooglePlaces.bundle",
			);
			name = "[CP] Copy Pods Resources";
			outputPaths = (
				"${TARGET_BUILD_DIR}/${UNLOCALIZED_RESOURCES_FOLDER_PATH}/GoogleMaps.bundle",
				"${TARGET_BUILD_DIR}/${UNLOCALIZED_RESOURCES_FOLDER_PATH}/GooglePlaces.bundle",
			);
			runOnlyForDeploymentPostprocessing = 0;
			shellPath = /bin/sh;
			shellScript = "\"${SRCROOT}/Pods/Target Support Files/Pods-GoogleMapsTask/Pods-GoogleMapsTask-resources.sh\"\n";
			showEnvVarsInLog = 0;
		};
		87781F2BEE9F8449B667A10D /* [CP] Check Pods Manifest.lock */ = {
			isa = PBXShellScriptBuildPhase;
			buildActionMask = 2147483647;
			files = (
			);
			inputPaths = (
				"${PODS_PODFILE_DIR_PATH}/Podfile.lock",
				"${PODS_ROOT}/Manifest.lock",
			);
			name = "[CP] Check Pods Manifest.lock";
			outputPaths = (
				"$(DERIVED_FILE_DIR)/Pods-GoogleMapsTask-checkManifestLockResult.txt",
			);
			runOnlyForDeploymentPostprocessing = 0;
			shellPath = /bin/sh;
			shellScript = "diff \"${PODS_PODFILE_DIR_PATH}/Podfile.lock\" \"${PODS_ROOT}/Manifest.lock\" > /dev/null\nif [ $? != 0 ] ; then\n    # print error to STDERR\n    echo \"error: The sandbox is not in sync with the Podfile.lock. Run 'pod install' or update your CocoaPods installation.\" >&2\n    exit 1\nfi\n# This output is used by Xcode 'outputs' to avoid re-running this script phase.\necho \"SUCCESS\" > \"${SCRIPT_OUTPUT_FILE_0}\"\n";
			showEnvVarsInLog = 0;
		};
/* End PBXShellScriptBuildPhase section */

/* Begin PBXSourcesBuildPhase section */
		BCA14C88225CE48F00338FEA /* Sources */ = {
			isa = PBXSourcesBuildPhase;
			buildActionMask = 2147483647;
			files = (
				BCA14C92225CE48F00338FEA /* ViewController.swift in Sources */,
				BCA14C90225CE48F00338FEA /* AppDelegate.swift in Sources */,
			);
			runOnlyForDeploymentPostprocessing = 0;
		};
/* End PBXSourcesBuildPhase section */

/* Begin PBXVariantGroup section */
		BCA14C98225CE49000338FEA /* LaunchScreen.storyboard */ = {
			isa = PBXVariantGroup;
			children = (
				BCA14C99225CE49000338FEA /* Base */,
			);
			name = LaunchScreen.storyboard;
			sourceTree = "<group>";
		};
/* End PBXVariantGroup section */

/* Begin XCBuildConfiguration section */
		BCA14C9C225CE49000338FEA /* Debug */ = {
			isa = XCBuildConfiguration;
			buildSettings = {
				ALWAYS_SEARCH_USER_PATHS = NO;
				CLANG_ANALYZER_NONNULL = YES;
				CLANG_ANALYZER_NUMBER_OBJECT_CONVERSION = YES_AGGRESSIVE;
				CLANG_CXX_LANGUAGE_STANDARD = "gnu++14";
				CLANG_CXX_LIBRARY = "libc++";
				CLANG_ENABLE_MODULES = YES;
				CLANG_ENABLE_OBJC_ARC = YES;
				CLANG_ENABLE_OBJC_WEAK = YES;
				CLANG_WARN_BLOCK_CAPTURE_AUTORELEASING = YES;
				CLANG_WARN_BOOL_CONVERSION = YES;
				CLANG_WARN_COMMA = YES;
				CLANG_WARN_CONSTANT_CONVERSION = YES;
				CLANG_WARN_DEPRECATED_OBJC_IMPLEMENTATIONS = YES;
				CLANG_WARN_DIRECT_OBJC_ISA_USAGE = YES_ERROR;
				CLANG_WARN_DOCUMENTATION_COMMENTS = YES;
				CLANG_WARN_EMPTY_BODY = YES;
				CLANG_WARN_ENUM_CONVERSION = YES;
				CLANG_WARN_INFINITE_RECURSION = YES;
				CLANG_WARN_INT_CONVERSION = YES;
				CLANG_WARN_NON_LITERAL_NULL_CONVERSION = YES;
				CLANG_WARN_OBJC_IMPLICIT_RETAIN_SELF = YES;
				CLANG_WARN_OBJC_LITERAL_CONVERSION = YES;
				CLANG_WARN_OBJC_ROOT_CLASS = YES_ERROR;
				CLANG_WARN_RANGE_LOOP_ANALYSIS = YES;
				CLANG_WARN_STRICT_PROTOTYPES = YES;
				CLANG_WARN_SUSPICIOUS_MOVE = YES;
				CLANG_WARN_UNGUARDED_AVAILABILITY = YES_AGGRESSIVE;
				CLANG_WARN_UNREACHABLE_CODE = YES;
				CLANG_WARN__DUPLICATE_METHOD_MATCH = YES;
				CODE_SIGN_IDENTITY = "iPhone Developer";
				COPY_PHASE_STRIP = NO;
				DEBUG_INFORMATION_FORMAT = dwarf;
				ENABLE_STRICT_OBJC_MSGSEND = YES;
				ENABLE_TESTABILITY = YES;
				GCC_C_LANGUAGE_STANDARD = gnu11;
				GCC_DYNAMIC_NO_PIC = NO;
				GCC_NO_COMMON_BLOCKS = YES;
				GCC_OPTIMIZATION_LEVEL = 0;
				GCC_PREPROCESSOR_DEFINITIONS = (
					"DEBUG=1",
					"$(inherited)",
				);
				GCC_WARN_64_TO_32_BIT_CONVERSION = YES;
				GCC_WARN_ABOUT_RETURN_TYPE = YES_ERROR;
				GCC_WARN_UNDECLARED_SELECTOR = YES;
				GCC_WARN_UNINITIALIZED_AUTOS = YES_AGGRESSIVE;
				GCC_WARN_UNUSED_FUNCTION = YES;
				GCC_WARN_UNUSED_VARIABLE = YES;
				IPHONEOS_DEPLOYMENT_TARGET = 12.2;
				MTL_ENABLE_DEBUG_INFO = INCLUDE_SOURCE;
				MTL_FAST_MATH = YES;
				ONLY_ACTIVE_ARCH = YES;
				SDKROOT = iphoneos;
				SWIFT_ACTIVE_COMPILATION_CONDITIONS = DEBUG;
				SWIFT_OPTIMIZATION_LEVEL = "-Onone";
			};
			name = Debug;
		};
		BCA14C9D225CE49000338FEA /* Release */ = {
			isa = XCBuildConfiguration;
			buildSettings = {
				ALWAYS_SEARCH_USER_PATHS = NO;
				CLANG_ANALYZER_NONNULL = YES;
				CLANG_ANALYZER_NUMBER_OBJECT_CONVERSION = YES_AGGRESSIVE;
				CLANG_CXX_LANGUAGE_STANDARD = "gnu++14";
				CLANG_CXX_LIBRARY = "libc++";
				CLANG_ENABLE_MODULES = YES;
				CLANG_ENABLE_OBJC_ARC = YES;
				CLANG_ENABLE_OBJC_WEAK = YES;
				CLANG_WARN_BLOCK_CAPTURE_AUTORELEASING = YES;
				CLANG_WARN_BOOL_CONVERSION = YES;
				CLANG_WARN_COMMA = YES;
				CLANG_WARN_CONSTANT_CONVERSION = YES;
				CLANG_WARN_DEPRECATED_OBJC_IMPLEMENTATIONS = YES;
				CLANG_WARN_DIRECT_OBJC_ISA_USAGE = YES_ERROR;
				CLANG_WARN_DOCUMENTATION_COMMENTS = YES;
				CLANG_WARN_EMPTY_BODY = YES;
				CLANG_WARN_ENUM_CONVERSION = YES;
				CLANG_WARN_INFINITE_RECURSION = YES;
				CLANG_WARN_INT_CONVERSION = YES;
				CLANG_WARN_NON_LITERAL_NULL_CONVERSION = YES;
				CLANG_WARN_OBJC_IMPLICIT_RETAIN_SELF = YES;
				CLANG_WARN_OBJC_LITERAL_CONVERSION = YES;
				CLANG_WARN_OBJC_ROOT_CLASS = YES_ERROR;
				CLANG_WARN_RANGE_LOOP_ANALYSIS = YES;
				CLANG_WARN_STRICT_PROTOTYPES = YES;
				CLANG_WARN_SUSPICIOUS_MOVE = YES;
				CLANG_WARN_UNGUARDED_AVAILABILITY = YES_AGGRESSIVE;
				CLANG_WARN_UNREACHABLE_CODE = YES;
				CLANG_WARN__DUPLICATE_METHOD_MATCH = YES;
				CODE_SIGN_IDENTITY = "iPhone Developer";
				COPY_PHASE_STRIP = NO;
				DEBUG_INFORMATION_FORMAT = "dwarf-with-dsym";
				ENABLE_NS_ASSERTIONS = NO;
				ENABLE_STRICT_OBJC_MSGSEND = YES;
				GCC_C_LANGUAGE_STANDARD = gnu11;
				GCC_NO_COMMON_BLOCKS = YES;
				GCC_WARN_64_TO_32_BIT_CONVERSION = YES;
				GCC_WARN_ABOUT_RETURN_TYPE = YES_ERROR;
				GCC_WARN_UNDECLARED_SELECTOR = YES;
				GCC_WARN_UNINITIALIZED_AUTOS = YES_AGGRESSIVE;
				GCC_WARN_UNUSED_FUNCTION = YES;
				GCC_WARN_UNUSED_VARIABLE = YES;
				IPHONEOS_DEPLOYMENT_TARGET = 12.2;
				MTL_ENABLE_DEBUG_INFO = NO;
				MTL_FAST_MATH = YES;
				SDKROOT = iphoneos;
				SWIFT_COMPILATION_MODE = wholemodule;
				SWIFT_OPTIMIZATION_LEVEL = "-O";
				VALIDATE_PRODUCT = YES;
			};
			name = Release;
		};
		BCA14C9F225CE49000338FEA /* Debug */ = {
			isa = XCBuildConfiguration;
			baseConfigurationReference = 9161A92D769EA97915A05639 /* Pods-GoogleMapsTask.debug.xcconfig */;
			buildSettings = {
				ASSETCATALOG_COMPILER_APPICON_NAME = AppIcon;
				CODE_SIGN_STYLE = Automatic;
				DEVELOPMENT_TEAM = CS3CZS7D3V;
				INFOPLIST_FILE = GoogleMapsTask/Info.plist;
				LD_RUNPATH_SEARCH_PATHS = (
					"$(inherited)",
					"@executable_path/Frameworks",
				);
				PRODUCT_BUNDLE_IDENTIFIER = YC.GoogleMapsTask;
				PRODUCT_NAME = "$(TARGET_NAME)";
				SWIFT_VERSION = 5.0;
				TARGETED_DEVICE_FAMILY = "1,2";
			};
			name = Debug;
		};
		BCA14CA0225CE49000338FEA /* Release */ = {
			isa = XCBuildConfiguration;
			baseConfigurationReference = 4C8C3F87B6F99177F5C5FCC5 /* Pods-GoogleMapsTask.release.xcconfig */;
			buildSettings = {
				ASSETCATALOG_COMPILER_APPICON_NAME = AppIcon;
				CODE_SIGN_STYLE = Automatic;
				DEVELOPMENT_TEAM = CS3CZS7D3V;
				INFOPLIST_FILE = GoogleMapsTask/Info.plist;
				LD_RUNPATH_SEARCH_PATHS = (
					"$(inherited)",
					"@executable_path/Frameworks",
				);
				PRODUCT_BUNDLE_IDENTIFIER = YC.GoogleMapsTask;
				PRODUCT_NAME = "$(TARGET_NAME)";
				SWIFT_VERSION = 5.0;
				TARGETED_DEVICE_FAMILY = "1,2";
			};
			name = Release;
		};
/* End XCBuildConfiguration section */

/* Begin XCConfigurationList section */
		BCA14C87225CE48F00338FEA /* Build configuration list for PBXProject "GoogleMapsTask" */ = {
			isa = XCConfigurationList;
			buildConfigurations = (
				BCA14C9C225CE49000338FEA /* Debug */,
				BCA14C9D225CE49000338FEA /* Release */,
			);
			defaultConfigurationIsVisible = 0;
			defaultConfigurationName = Release;
		};
		BCA14C9E225CE49000338FEA /* Build configuration list for PBXNativeTarget "GoogleMapsTask" */ = {
			isa = XCConfigurationList;
			buildConfigurations = (
				BCA14C9F225CE49000338FEA /* Debug */,
				BCA14CA0225CE49000338FEA /* Release */,
			);
			defaultConfigurationIsVisible = 0;
			defaultConfigurationName = Release;
		};
/* End XCConfigurationList section */
	};
	rootObject = BCA14C84225CE48F00338FEA /* Project object */;
}
